
Microsoft Visual Studio Solution File, Format Version 12.00
# Visual Studio Version 16
VisualStudioVersion = 16.0.30717.126
MinimumVisualStudioVersion = 15.0.26124.0
Project("{FAE04EC0-301F-11D3-BF4B-00C04F79EFBC}") = "SpriteBatchingPOC", "SpriteBatchingPOC\SpriteBatchingPOC.csproj", "{A284C33D-0D9C-4734-8EAA-C50221C53454}"
EndProject
Global
	GlobalSection(SolutionConfigurationPlatforms) = preSolution
		Debug|Any CPU = Debug|Any CPU
		Debug|x64 = Debug|x64
		Debug|x86 = Debug|x86
		Release|Any CPU = Release|Any CPU
		Release|x64 = Release|x64
		Release|x86 = Release|x86
	EndGlobalSection
	GlobalSection(ProjectConfigurationPlatforms) = postSolution
		{A284C33D-0D9C-4734-8EAA-C50221C53454}.Debug|Any CPU.ActiveCfg = Debug|Any CPU
		{A284C33D-0D9C-4734-8EAA-C50221C53454}.Debug|Any CPU.Build.0 = Debug|Any CPU
		{A284C33D-0D9C-4734-8EAA-C50221C53454}.Debug|x64.ActiveCfg = Debug|Any CPU
		{A284C33D-0D9C-4734-8EAA-C50221C53454}.Debug|x64.Build.0 = Debug|Any CPU
		{A284C33D-0D9C-4734-8EAA-C50221C53454}.Debug|x86.ActiveCfg = Debug|Any CPU
		{A284C33D-0D9C-4734-8EAA-C50221C53454}.Debug|x86.Build.0 = Debug|Any CPU
		{A284C33D-0D9C-4734-8EAA-C50221C53454}.Release|Any CPU.ActiveCfg = Release|Any CPU
		{A284C33D-0D9C-4734-8EAA-C50221C53454}.Release|Any CPU.Build.0 = Release|Any CPU
		{A284C33D-0D9C-4734-8EAA-C50221C53454}.Release|x64.ActiveCfg = Release|Any CPU
		{A284C33D-0D9C-4734-8EAA-C50221C53454}.Release|x64.Build.0 = Release|Any CPU
		{A284C33D-0D9C-4734-8EAA-C50221C53454}.Release|x86.ActiveCfg = Release|Any CPU
		{A284C33D-0D9C-4734-8EAA-C50221C53454}.Release|x86.Build.0 = Release|Any CPU
	EndGlobalSection
	GlobalSection(SolutionProperties) = preSolution
		HideSolutionNode = FALSE
	EndGlobalSection
	GlobalSection(ExtensibilityGlobals) = postSolution
		SolutionGuid = {12891963-11C9-436F-B55B-9B049218E090}
	EndGlobalSection
EndGlobal
